PODS:
  - FMDB (2.5):
    - FMDB/standard (= 2.5)
  - FMDB/common (2.5)
  - FMDB/standard (2.5):
    - FMDB/common
  - Kiwi (2.4.0)
  - TCSDAL (0.7.0):
    - FMDB (~> 2.5)

DEPENDENCIES:
  - Kiwi
  - TCSDAL (from `../`)

EXTERNAL SOURCES:
  TCSDAL:
    :path: "../"

SPEC CHECKSUMS:
  FMDB: 96e8f1bcc1329e269330f99770ad4285d9003e52
  Kiwi: f49c9d54b28917df5928fe44968a39ed198cb8a8
  TCSDAL: 36ffef89973cdc45152ee5f74e3cb421d0093172

COCOAPODS: 0.39.0
